github.com/allmad/madq v0.0.0-20160711161441-22430d5d4329 h1:EsC/qeBkl41j16m44UU3S6dH6RcGg+8fWFWxKgVIYWk=
github.com/allmad/madq v0.0.0-20160711161441-22430d5d4329/go.mod h1:Tq+FnCmp9XCMnk3GS7xVB+68Ie6n38YcM8HsXYlNo7Q=
github.com/chzyer/flagly v1.0.0 h1:6YCLXmK+5kI9MuyIRxAw2quDKkAUP/JlPCJ7+XLbaJo=
github.com/chzyer/flagly v1.0.0/go.mod h1:P5rkjnwuORrczFS2mWmOXY551YT/qtlSJXUdi5s1PqY=
github.com/chzyer/flow v0.0.0-20160617073803-62b22e3ff5c3 h1:bS4kALbV/je59NvhdxGqaSExFaZs9V5Ep5Y4XN309RE=
github.com/chzyer/flow v0.0.0-20160617073803-62b22e3ff5c3/go.mod h1:m7VATZ4nvIGeuB4JEpCXb88Yf2gaL85n0jSgsTnNTRM=
github.com/chzyer/logex v1.1.10/go.mod h1:+Ywpsq7O8HXn0nuIou7OrIPyXbp3wmkHB+jjWRnGsAI=
github.com/chzyer/logex v1.2.1 h1:XHDu3E6q+gdHgsdTPH6ImJMIp436vR6MPtH8gP05QzM=
github.com/chzyer/logex v1.2.1/go.mod h1:JLbx6lG2kDbNRFnfkgvh4eRJRPX1QCoOIWomwysCBrQ=
github.com/chzyer/madq v0.0.0-20160711161441-22430d5d4329 h1:4MyGlpND9PONUjl1Eah8mFZHNV050MjbRIVJ3Oyzi7k=
github.com/chzyer/madq v0.0.0-20160711161441-22430d5d4329/go.mod h1:XfOdfB5LWJyPNHuVkZDpwtTPBHUkpcNtCSDOFGZymTg=
github.com/chzyer/readline v0.0.0-20180603132655-2972be24d48e/go.mod h1:nSuG5e5PlCu98SY8svDHJxuZscDgtXS6KTTbou5AhLI=
github.com/chzyer/test v0.0.0-20180213035817-a1ea475d72b1/go.mod h1:Q3SI9o4m/ZMnBNeIyt5eFwwo7qiLfzFZmjNmxjkiQlU=
github.com/chzyer/test v1.0.0 h1:p3BQDXSxOhOG0P9z6/hGnII4LGiEPOYBhs8asl/fC04=
github.com/chzyer/test v1.0.0/go.mod h1:2JlltgoNkt4TW/z9V/IzDdFaMTM2JPIi26O1pF38GC8=
github.com/google/shlex v0.0.0-20191202100458-e7afc7fbc510/go.mod h1:pupxD2MaaD3pAXIBCelhxNneeOaAeabZDe5s4K6zSpQ=
golang.org/x/sys v0.0.0-20210630005230-0f9fa26af87c/go.mod h1:oPkhp1MJrh7nUepCBck5+mAzfO9JrbApNNgaTdGDITg=
gopkg.in/logex.v1 v1.1.10/go.mod h1:m19AGWVneYrG9quxs81zm80ceftJajNTx2AQlfgNUFU=
